github.com/Lezonn/go-say-hello v1.0.0 h1:gQBK2xrL9Ed5ywBR/j7ba/eNvC0ZsA+XTThumsCEzm4=
github.com/Lezonn/go-say-hello v1.0.0/go.mod h1:M/OiNiOFzBPvfRHwv22FdLo6vQKpsPKp5Y3v0LBKP4k=
github.com/Lezonn/go-say-hello v1.5.0 h1:irmcc0sWlNa7i9qPbOZ/g5QX855w4aSa0etU0bgWx+k=
github.com/Lezonn/go-say-hello v1.5.0/go.mod h1:M/OiNiOFzBPvfRHwv22FdLo6vQKpsPKp5Y3v0LBKP4k=
